
Microsoft Visual Studio Solution File, Format Version 12.00
# Visual Studio Version 17
VisualStudioVersion = 17.3.32901.215
MinimumVisualStudioVersion = 10.0.40219.1
Project("{888888A0-9F3D-457C-B088-3A5042F75D52}") = "Prueba", "Prueba\Prueba.pyproj", "{2F1591D1-6EC0-4369-AC63-889F26BFBD81}"
EndProject
Global
	GlobalSection(SolutionConfigurationPlatforms) = preSolution
		Debug|Any CPU = Debug|Any CPU
		Release|Any CPU = Release|Any CPU
	EndGlobalSection
	GlobalSection(ProjectConfigurationPlatforms) = postSolution
		{2F1591D1-6EC0-4369-AC63-889F26BFBD81}.Debug|Any CPU.ActiveCfg = Debug|Any CPU
		{2F1591D1-6EC0-4369-AC63-889F26BFBD81}.Release|Any CPU.ActiveCfg = Release|Any CPU
	EndGlobalSection
	GlobalSection(SolutionProperties) = preSolution
		HideSolutionNode = FALSE
	EndGlobalSection
	GlobalSection(ExtensibilityGlobals) = postSolution
		SolutionGuid = {1CBE5B2D-7638-4AD1-9A78-25BF4485ECF0}
	EndGlobalSection
EndGlobal
