
Microsoft Visual Studio Solution File, Format Version 12.00
# Visual Studio Version 17
VisualStudioVersion = 17.3.32901.215
MinimumVisualStudioVersion = 10.0.40219.1
Project("{888888A0-9F3D-457C-B088-3A5042F75D52}") = "Ej20Sec", "Ej20Sec\Ej20Sec.pyproj", "{146C08D4-E26F-4046-9803-9C377E807290}"
EndProject
Global
	GlobalSection(SolutionConfigurationPlatforms) = preSolution
		Debug|Any CPU = Debug|Any CPU
		Release|Any CPU = Release|Any CPU
	EndGlobalSection
	GlobalSection(ProjectConfigurationPlatforms) = postSolution
		{146C08D4-E26F-4046-9803-9C377E807290}.Debug|Any CPU.ActiveCfg = Debug|Any CPU
		{146C08D4-E26F-4046-9803-9C377E807290}.Release|Any CPU.ActiveCfg = Release|Any CPU
	EndGlobalSection
	GlobalSection(SolutionProperties) = preSolution
		HideSolutionNode = FALSE
	EndGlobalSection
	GlobalSection(ExtensibilityGlobals) = postSolution
		SolutionGuid = {069DCF97-0270-4712-9786-22ECDE250D55}
	EndGlobalSection
EndGlobal
