
Microsoft Visual Studio Solution File, Format Version 12.00
# Visual Studio Version 17
VisualStudioVersion = 17.3.32901.215
MinimumVisualStudioVersion = 10.0.40219.1
Project("{888888A0-9F3D-457C-B088-3A5042F75D52}") = "Ej1", "Ej1\Ej1.pyproj", "{ABF966DF-8920-46C1-BBC4-BB67F86813DB}"
EndProject
Global
	GlobalSection(SolutionConfigurationPlatforms) = preSolution
		Debug|Any CPU = Debug|Any CPU
		Release|Any CPU = Release|Any CPU
	EndGlobalSection
	GlobalSection(ProjectConfigurationPlatforms) = postSolution
		{ABF966DF-8920-46C1-BBC4-BB67F86813DB}.Debug|Any CPU.ActiveCfg = Debug|Any CPU
		{ABF966DF-8920-46C1-BBC4-BB67F86813DB}.Release|Any CPU.ActiveCfg = Release|Any CPU
	EndGlobalSection
	GlobalSection(SolutionProperties) = preSolution
		HideSolutionNode = FALSE
	EndGlobalSection
	GlobalSection(ExtensibilityGlobals) = postSolution
		SolutionGuid = {33FA38F0-4A2E-492A-80B6-AEA09467F26A}
	EndGlobalSection
EndGlobal
